
Microsoft Visual Studio Solution File, Format Version 12.00
# Visual Studio 2012
Project("{8BC9CEB8-8B4A-11D0-8D11-00A0C91BC942}") = "UI", "UI\UI.vcxproj", "{6ABB73DD-48C3-47FD-9B75-147A190FF142}"
EndProject
Project("{8BC9CEB8-8B4A-11D0-8D11-00A0C91BC942}") = "Library", "Library\Library.vcxproj", "{642AF32A-F41C-41A2-B5F1-DD875808F0E7}"
EndProject
Global
	GlobalSection(SolutionConfigurationPlatforms) = preSolution
		Debug|Win32 = Debug|Win32
		Release|Win32 = Release|Win32
	EndGlobalSection
	GlobalSection(ProjectConfigurationPlatforms) = postSolution
		{6ABB73DD-48C3-47FD-9B75-147A190FF142}.Debug|Win32.ActiveCfg = Debug|Win32
		{6ABB73DD-48C3-47FD-9B75-147A190FF142}.Debug|Win32.Build.0 = Debug|Win32
		{6ABB73DD-48C3-47FD-9B75-147A190FF142}.Release|Win32.ActiveCfg = Release|Win32
		{6ABB73DD-48C3-47FD-9B75-147A190FF142}.Release|Win32.Build.0 = Release|Win32
		{642AF32A-F41C-41A2-B5F1-DD875808F0E7}.Debug|Win32.ActiveCfg = Debug|Win32
		{642AF32A-F41C-41A2-B5F1-DD875808F0E7}.Debug|Win32.Build.0 = Debug|Win32
		{642AF32A-F41C-41A2-B5F1-DD875808F0E7}.Release|Win32.ActiveCfg = Release|Win32
		{642AF32A-F41C-41A2-B5F1-DD875808F0E7}.Release|Win32.Build.0 = Release|Win32
	EndGlobalSection
	GlobalSection(SolutionProperties) = preSolution
		HideSolutionNode = FALSE
	EndGlobalSection
EndGlobal
