
Microsoft Visual Studio Solution File, Format Version 12.00
# Visual Studio 2012
Project("{8BC9CEB8-8B4A-11D0-8D11-00A0C91BC942}") = "UI", "UI\UI.vcxproj", "{6ABB73DD-48C3-47FD-9B75-147A190FF142}"
EndProject
Project("{8BC9CEB8-8B4A-11D0-8D11-00A0C91BC942}") = "Library", "Library\Library.vcxproj", "{642AF32A-F41C-41A2-B5F1-DD875808F0E7}"
EndProject
Project("{F088123C-0E9E-452A-89E6-6BA2F21D5CAC}") = "Component Diagram", "ModelingProject3\Component Diagram.modelproj", "{CC7AAD63-0AA0-47F4-8496-F3DAB679C026}"
EndProject
Project("{8BC9CEB8-8B4A-11D0-8D11-00A0C91BC942}") = "CommandTest", "CommandTest\CommandTest.vcxproj", "{37D8F749-1DD4-4055-8EC0-73278449A283}"
EndProject
Project("{8BC9CEB8-8B4A-11D0-8D11-00A0C91BC942}") = "ParserTest", "ParserTest\ParserTest.vcxproj", "{F19B3AC8-D37E-4279-9B5A-F7133A3A31B9}"
EndProject
Global
	GlobalSection(SolutionConfigurationPlatforms) = preSolution
		Debug|Any CPU = Debug|Any CPU
		Debug|Mixed Platforms = Debug|Mixed Platforms
		Debug|Win32 = Debug|Win32
		Release|Any CPU = Release|Any CPU
		Release|Mixed Platforms = Release|Mixed Platforms
		Release|Win32 = Release|Win32
	EndGlobalSection
	GlobalSection(ProjectConfigurationPlatforms) = postSolution
		{6ABB73DD-48C3-47FD-9B75-147A190FF142}.Debug|Any CPU.ActiveCfg = Debug|Win32
		{6ABB73DD-48C3-47FD-9B75-147A190FF142}.Debug|Mixed Platforms.ActiveCfg = Debug|Win32
		{6ABB73DD-48C3-47FD-9B75-147A190FF142}.Debug|Mixed Platforms.Build.0 = Debug|Win32
		{6ABB73DD-48C3-47FD-9B75-147A190FF142}.Debug|Win32.ActiveCfg = Debug|Win32
		{6ABB73DD-48C3-47FD-9B75-147A190FF142}.Debug|Win32.Build.0 = Debug|Win32
		{6ABB73DD-48C3-47FD-9B75-147A190FF142}.Release|Any CPU.ActiveCfg = Release|Win32
		{6ABB73DD-48C3-47FD-9B75-147A190FF142}.Release|Mixed Platforms.ActiveCfg = Release|Win32
		{6ABB73DD-48C3-47FD-9B75-147A190FF142}.Release|Mixed Platforms.Build.0 = Release|Win32
		{6ABB73DD-48C3-47FD-9B75-147A190FF142}.Release|Win32.ActiveCfg = Release|Win32
		{6ABB73DD-48C3-47FD-9B75-147A190FF142}.Release|Win32.Build.0 = Release|Win32
		{642AF32A-F41C-41A2-B5F1-DD875808F0E7}.Debug|Any CPU.ActiveCfg = Debug|Win32
		{642AF32A-F41C-41A2-B5F1-DD875808F0E7}.Debug|Mixed Platforms.ActiveCfg = Debug|Win32
		{642AF32A-F41C-41A2-B5F1-DD875808F0E7}.Debug|Mixed Platforms.Build.0 = Debug|Win32
		{642AF32A-F41C-41A2-B5F1-DD875808F0E7}.Debug|Win32.ActiveCfg = Debug|Win32
		{642AF32A-F41C-41A2-B5F1-DD875808F0E7}.Debug|Win32.Build.0 = Debug|Win32
		{642AF32A-F41C-41A2-B5F1-DD875808F0E7}.Release|Any CPU.ActiveCfg = Release|Win32
		{642AF32A-F41C-41A2-B5F1-DD875808F0E7}.Release|Mixed Platforms.ActiveCfg = Release|Win32
		{642AF32A-F41C-41A2-B5F1-DD875808F0E7}.Release|Mixed Platforms.Build.0 = Release|Win32
		{642AF32A-F41C-41A2-B5F1-DD875808F0E7}.Release|Win32.ActiveCfg = Release|Win32
		{642AF32A-F41C-41A2-B5F1-DD875808F0E7}.Release|Win32.Build.0 = Release|Win32
		{CC7AAD63-0AA0-47F4-8496-F3DAB679C026}.Debug|Any CPU.ActiveCfg = Debug|Any CPU
		{CC7AAD63-0AA0-47F4-8496-F3DAB679C026}.Debug|Any CPU.Build.0 = Debug|Any CPU
		{CC7AAD63-0AA0-47F4-8496-F3DAB679C026}.Debug|Mixed Platforms.ActiveCfg = Debug|Any CPU
		{CC7AAD63-0AA0-47F4-8496-F3DAB679C026}.Debug|Mixed Platforms.Build.0 = Debug|Any CPU
		{CC7AAD63-0AA0-47F4-8496-F3DAB679C026}.Debug|Win32.ActiveCfg = Debug|Any CPU
		{CC7AAD63-0AA0-47F4-8496-F3DAB679C026}.Release|Any CPU.ActiveCfg = Release|Any CPU
		{CC7AAD63-0AA0-47F4-8496-F3DAB679C026}.Release|Any CPU.Build.0 = Release|Any CPU
		{CC7AAD63-0AA0-47F4-8496-F3DAB679C026}.Release|Mixed Platforms.ActiveCfg = Release|Any CPU
		{CC7AAD63-0AA0-47F4-8496-F3DAB679C026}.Release|Mixed Platforms.Build.0 = Release|Any CPU
		{CC7AAD63-0AA0-47F4-8496-F3DAB679C026}.Release|Win32.ActiveCfg = Release|Any CPU
		{37D8F749-1DD4-4055-8EC0-73278449A283}.Debug|Any CPU.ActiveCfg = Debug|Win32
		{37D8F749-1DD4-4055-8EC0-73278449A283}.Debug|Mixed Platforms.ActiveCfg = Debug|Win32
		{37D8F749-1DD4-4055-8EC0-73278449A283}.Debug|Mixed Platforms.Build.0 = Debug|Win32
		{37D8F749-1DD4-4055-8EC0-73278449A283}.Debug|Win32.ActiveCfg = Debug|Win32
		{37D8F749-1DD4-4055-8EC0-73278449A283}.Debug|Win32.Build.0 = Debug|Win32
		{37D8F749-1DD4-4055-8EC0-73278449A283}.Release|Any CPU.ActiveCfg = Release|Win32
		{37D8F749-1DD4-4055-8EC0-73278449A283}.Release|Mixed Platforms.ActiveCfg = Release|Win32
		{37D8F749-1DD4-4055-8EC0-73278449A283}.Release|Mixed Platforms.Build.0 = Release|Win32
		{37D8F749-1DD4-4055-8EC0-73278449A283}.Release|Win32.ActiveCfg = Release|Win32
		{37D8F749-1DD4-4055-8EC0-73278449A283}.Release|Win32.Build.0 = Release|Win32
		{F19B3AC8-D37E-4279-9B5A-F7133A3A31B9}.Debug|Any CPU.ActiveCfg = Debug|Win32
		{F19B3AC8-D37E-4279-9B5A-F7133A3A31B9}.Debug|Mixed Platforms.ActiveCfg = Debug|Win32
		{F19B3AC8-D37E-4279-9B5A-F7133A3A31B9}.Debug|Mixed Platforms.Build.0 = Debug|Win32
		{F19B3AC8-D37E-4279-9B5A-F7133A3A31B9}.Debug|Win32.ActiveCfg = Debug|Win32
		{F19B3AC8-D37E-4279-9B5A-F7133A3A31B9}.Debug|Win32.Build.0 = Debug|Win32
		{F19B3AC8-D37E-4279-9B5A-F7133A3A31B9}.Release|Any CPU.ActiveCfg = Release|Win32
		{F19B3AC8-D37E-4279-9B5A-F7133A3A31B9}.Release|Mixed Platforms.ActiveCfg = Release|Win32
		{F19B3AC8-D37E-4279-9B5A-F7133A3A31B9}.Release|Mixed Platforms.Build.0 = Release|Win32
		{F19B3AC8-D37E-4279-9B5A-F7133A3A31B9}.Release|Win32.ActiveCfg = Release|Win32
		{F19B3AC8-D37E-4279-9B5A-F7133A3A31B9}.Release|Win32.Build.0 = Release|Win32
	EndGlobalSection
	GlobalSection(SolutionProperties) = preSolution
		HideSolutionNode = FALSE
	EndGlobalSection
EndGlobal
